
Microsoft Visual Studio Solution File, Format Version 12.00
# Visual Studio 2013
VisualStudioVersion = 12.0.40629.0
MinimumVisualStudioVersion = 10.0.40219.1
Project("{FAE04EC0-301F-11D3-BF4B-00C04F79EFBC}") = "Image2TexturesPlus", "Image2TexturesPlus\Image2TexturesPlus.csproj", "{87EED1E5-2694-416B-8ADC-AB9BED664916}"
EndProject
Global
	GlobalSection(SolutionConfigurationPlatforms) = preSolution
		Debug|Any CPU = Debug|Any CPU
		Release|Any CPU = Release|Any CPU
	EndGlobalSection
	GlobalSection(ProjectConfigurationPlatforms) = postSolution
		{87EED1E5-2694-416B-8ADC-AB9BED664916}.Debug|Any CPU.ActiveCfg = Debug|Any CPU
		{87EED1E5-2694-416B-8ADC-AB9BED664916}.Debug|Any CPU.Build.0 = Debug|Any CPU
		{87EED1E5-2694-416B-8ADC-AB9BED664916}.Release|Any CPU.ActiveCfg = Release|Any CPU
		{87EED1E5-2694-416B-8ADC-AB9BED664916}.Release|Any CPU.Build.0 = Release|Any CPU
	EndGlobalSection
	GlobalSection(SolutionProperties) = preSolution
		HideSolutionNode = FALSE
	EndGlobalSection
EndGlobal
